
Microsoft Visual Studio Solution File, Format Version 12.00
# Visual Studio 15
VisualStudioVersion = 15.0.27130.2026
MinimumVisualStudioVersion = 10.0.40219.1
Project("{9A19103F-16F7-4668-BE54-9A1E7A4F7556}") = "CoreWebLearn", "CoreWebLearn\CoreWebLearn.csproj", "{7C3A1EDF-97B1-477A-81DD-F51228967A91}"
EndProject
Project("{9A19103F-16F7-4668-BE54-9A1E7A4F7556}") = "MVCTemplate", "MVCTemplate\MVCTemplate.csproj", "{6BB49B34-DCFA-48DB-A7C4-8CAE0C5F16A9}"
EndProject
Project("{9A19103F-16F7-4668-BE54-9A1E7A4F7556}") = "NewWebMVC", "NewWebMVC\NewWebMVC.csproj", "{2F677B64-25CC-4948-9FC5-918204A34969}"
EndProject
Project("{9A19103F-16F7-4668-BE54-9A1E7A4F7556}") = "WebApiTemplate", "WebApiTemplate\WebApiTemplate.csproj", "{EAD32ECD-A8D3-46E6-A38D-72235FAA507F}"
EndProject
Project("{9A19103F-16F7-4668-BE54-9A1E7A4F7556}") = "MVCIdentity", "MVCIdentity\MVCIdentity.csproj", "{9169B8EB-FB96-4836-9E46-A6CD3706732A}"
EndProject
Project("{9A19103F-16F7-4668-BE54-9A1E7A4F7556}") = "ServiceScope", "ServiceScope\ServiceScope.csproj", "{E9865243-EF0D-4F3C-A4E2-68F6475BFC40}"
EndProject
Project("{9A19103F-16F7-4668-BE54-9A1E7A4F7556}") = "RoutingApplication", "RoutingApplication\RoutingApplication.csproj", "{F38406BA-D68B-4316-934F-A169D6A10FF5}"
EndProject
Project("{9A19103F-16F7-4668-BE54-9A1E7A4F7556}") = "MVCFilterApplication", "MVCFilterApplication\MVCFilterApplication.csproj", "{71EFFAF4-C61E-4167-9F42-5FBACA44B6C9}"
EndProject
Project("{9A19103F-16F7-4668-BE54-9A1E7A4F7556}") = "ResponseCacheLearn", "ResponseCacheLearn\ResponseCacheLearn.csproj", "{F291301C-8596-4B46-9E84-DDB5D172BE9E}"
EndProject
Project("{9A19103F-16F7-4668-BE54-9A1E7A4F7556}") = "CookieAuthentication", "CookieAuthentication\CookieAuthentication.csproj", "{C9097BD1-344C-4389-A901-4A7FB35B1612}"
EndProject
Project("{9A19103F-16F7-4668-BE54-9A1E7A4F7556}") = "StaticFileLearn", "StaticFileLearn\StaticFileLearn.csproj", "{1336CD33-2789-4DF9-8E56-8F190017D8D3}"
EndProject
Project("{9A19103F-16F7-4668-BE54-9A1E7A4F7556}") = "SignIRLearn", "SignIRLearn\SignIRLearn.csproj", "{90E7F9B1-82D6-4C97-9713-0AF3BE8732A8}"
EndProject
Project("{9A19103F-16F7-4668-BE54-9A1E7A4F7556}") = "CustomerLogger", "CustomerLogger\CustomerLogger.csproj", "{B2C455DD-3827-40FD-9286-F1ADAB238D70}"
EndProject
Project("{9A19103F-16F7-4668-BE54-9A1E7A4F7556}") = "DBLogger", "DBLogger\DBLogger.csproj", "{58DBD67F-050A-4B71-9BB8-B18FA28A1AF1}"
EndProject
Project("{9A19103F-16F7-4668-BE54-9A1E7A4F7556}") = "Basic", "Basic\Basic.csproj", "{8F44C1C2-E6D3-4075-B458-47C138D10E92}"
EndProject
Project("{9A19103F-16F7-4668-BE54-9A1E7A4F7556}") = "ApiExplorer", "ApiExplorer\ApiExplorer.csproj", "{A65A7AA5-67DA-4B7C-B53F-121EB199618B}"
EndProject
Project("{9A19103F-16F7-4668-BE54-9A1E7A4F7556}") = "DoraDemo", "DoraDemo\DoraDemo.csproj", "{9E30B24D-10A0-4594-9651-4F488E56628A}"
EndProject
Project("{9A19103F-16F7-4668-BE54-9A1E7A4F7556}") = "NetCoreTest", "NetCoreTest\NetCoreTest.csproj", "{26B88A50-AE6A-481E-8597-DAF12A3F0BB5}"
EndProject
Project("{FAE04EC0-301F-11D3-BF4B-00C04F79EFBC}") = "WebSocketLearn", "WebSocketLearn\WebSocketLearn.csproj", "{0FCFF2A5-789D-4A42-9C52-8FD1791C3AE4}"
EndProject
Project("{FAE04EC0-301F-11D3-BF4B-00C04F79EFBC}") = "WebSocket", "WebSocket\WebSocket.csproj", "{2DD2367C-AAE4-4E46-B20C-FE5BA554585C}"
EndProject
Global
	GlobalSection(SolutionConfigurationPlatforms) = preSolution
		Debug|Any CPU = Debug|Any CPU
		Release|Any CPU = Release|Any CPU
	EndGlobalSection
	GlobalSection(ProjectConfigurationPlatforms) = postSolution
		{7C3A1EDF-97B1-477A-81DD-F51228967A91}.Debug|Any CPU.ActiveCfg = Debug|Any CPU
		{7C3A1EDF-97B1-477A-81DD-F51228967A91}.Debug|Any CPU.Build.0 = Debug|Any CPU
		{7C3A1EDF-97B1-477A-81DD-F51228967A91}.Release|Any CPU.ActiveCfg = Release|Any CPU
		{7C3A1EDF-97B1-477A-81DD-F51228967A91}.Release|Any CPU.Build.0 = Release|Any CPU
		{6BB49B34-DCFA-48DB-A7C4-8CAE0C5F16A9}.Debug|Any CPU.ActiveCfg = Debug|Any CPU
		{6BB49B34-DCFA-48DB-A7C4-8CAE0C5F16A9}.Debug|Any CPU.Build.0 = Debug|Any CPU
		{6BB49B34-DCFA-48DB-A7C4-8CAE0C5F16A9}.Release|Any CPU.ActiveCfg = Release|Any CPU
		{6BB49B34-DCFA-48DB-A7C4-8CAE0C5F16A9}.Release|Any CPU.Build.0 = Release|Any CPU
		{2F677B64-25CC-4948-9FC5-918204A34969}.Debug|Any CPU.ActiveCfg = Debug|Any CPU
		{2F677B64-25CC-4948-9FC5-918204A34969}.Debug|Any CPU.Build.0 = Debug|Any CPU
		{2F677B64-25CC-4948-9FC5-918204A34969}.Release|Any CPU.ActiveCfg = Release|Any CPU
		{2F677B64-25CC-4948-9FC5-918204A34969}.Release|Any CPU.Build.0 = Release|Any CPU
		{EAD32ECD-A8D3-46E6-A38D-72235FAA507F}.Debug|Any CPU.ActiveCfg = Debug|Any CPU
		{EAD32ECD-A8D3-46E6-A38D-72235FAA507F}.Debug|Any CPU.Build.0 = Debug|Any CPU
		{EAD32ECD-A8D3-46E6-A38D-72235FAA507F}.Release|Any CPU.ActiveCfg = Release|Any CPU
		{EAD32ECD-A8D3-46E6-A38D-72235FAA507F}.Release|Any CPU.Build.0 = Release|Any CPU
		{9169B8EB-FB96-4836-9E46-A6CD3706732A}.Debug|Any CPU.ActiveCfg = Debug|Any CPU
		{9169B8EB-FB96-4836-9E46-A6CD3706732A}.Debug|Any CPU.Build.0 = Debug|Any CPU
		{9169B8EB-FB96-4836-9E46-A6CD3706732A}.Release|Any CPU.ActiveCfg = Release|Any CPU
		{9169B8EB-FB96-4836-9E46-A6CD3706732A}.Release|Any CPU.Build.0 = Release|Any CPU
		{E9865243-EF0D-4F3C-A4E2-68F6475BFC40}.Debug|Any CPU.ActiveCfg = Debug|Any CPU
		{E9865243-EF0D-4F3C-A4E2-68F6475BFC40}.Debug|Any CPU.Build.0 = Debug|Any CPU
		{E9865243-EF0D-4F3C-A4E2-68F6475BFC40}.Release|Any CPU.ActiveCfg = Release|Any CPU
		{E9865243-EF0D-4F3C-A4E2-68F6475BFC40}.Release|Any CPU.Build.0 = Release|Any CPU
		{F38406BA-D68B-4316-934F-A169D6A10FF5}.Debug|Any CPU.ActiveCfg = Debug|Any CPU
		{F38406BA-D68B-4316-934F-A169D6A10FF5}.Debug|Any CPU.Build.0 = Debug|Any CPU
		{F38406BA-D68B-4316-934F-A169D6A10FF5}.Release|Any CPU.ActiveCfg = Release|Any CPU
		{F38406BA-D68B-4316-934F-A169D6A10FF5}.Release|Any CPU.Build.0 = Release|Any CPU
		{71EFFAF4-C61E-4167-9F42-5FBACA44B6C9}.Debug|Any CPU.ActiveCfg = Debug|Any CPU
		{71EFFAF4-C61E-4167-9F42-5FBACA44B6C9}.Debug|Any CPU.Build.0 = Debug|Any CPU
		{71EFFAF4-C61E-4167-9F42-5FBACA44B6C9}.Release|Any CPU.ActiveCfg = Release|Any CPU
		{71EFFAF4-C61E-4167-9F42-5FBACA44B6C9}.Release|Any CPU.Build.0 = Release|Any CPU
		{F291301C-8596-4B46-9E84-DDB5D172BE9E}.Debug|Any CPU.ActiveCfg = Debug|Any CPU
		{F291301C-8596-4B46-9E84-DDB5D172BE9E}.Debug|Any CPU.Build.0 = Debug|Any CPU
		{F291301C-8596-4B46-9E84-DDB5D172BE9E}.Release|Any CPU.ActiveCfg = Release|Any CPU
		{F291301C-8596-4B46-9E84-DDB5D172BE9E}.Release|Any CPU.Build.0 = Release|Any CPU
		{C9097BD1-344C-4389-A901-4A7FB35B1612}.Debug|Any CPU.ActiveCfg = Debug|Any CPU
		{C9097BD1-344C-4389-A901-4A7FB35B1612}.Debug|Any CPU.Build.0 = Debug|Any CPU
		{C9097BD1-344C-4389-A901-4A7FB35B1612}.Release|Any CPU.ActiveCfg = Release|Any CPU
		{C9097BD1-344C-4389-A901-4A7FB35B1612}.Release|Any CPU.Build.0 = Release|Any CPU
		{1336CD33-2789-4DF9-8E56-8F190017D8D3}.Debug|Any CPU.ActiveCfg = Debug|Any CPU
		{1336CD33-2789-4DF9-8E56-8F190017D8D3}.Debug|Any CPU.Build.0 = Debug|Any CPU
		{1336CD33-2789-4DF9-8E56-8F190017D8D3}.Release|Any CPU.ActiveCfg = Release|Any CPU
		{1336CD33-2789-4DF9-8E56-8F190017D8D3}.Release|Any CPU.Build.0 = Release|Any CPU
		{90E7F9B1-82D6-4C97-9713-0AF3BE8732A8}.Debug|Any CPU.ActiveCfg = Debug|Any CPU
		{90E7F9B1-82D6-4C97-9713-0AF3BE8732A8}.Debug|Any CPU.Build.0 = Debug|Any CPU
		{90E7F9B1-82D6-4C97-9713-0AF3BE8732A8}.Release|Any CPU.ActiveCfg = Release|Any CPU
		{90E7F9B1-82D6-4C97-9713-0AF3BE8732A8}.Release|Any CPU.Build.0 = Release|Any CPU
		{B2C455DD-3827-40FD-9286-F1ADAB238D70}.Debug|Any CPU.ActiveCfg = Debug|Any CPU
		{B2C455DD-3827-40FD-9286-F1ADAB238D70}.Debug|Any CPU.Build.0 = Debug|Any CPU
		{B2C455DD-3827-40FD-9286-F1ADAB238D70}.Release|Any CPU.ActiveCfg = Release|Any CPU
		{B2C455DD-3827-40FD-9286-F1ADAB238D70}.Release|Any CPU.Build.0 = Release|Any CPU
		{58DBD67F-050A-4B71-9BB8-B18FA28A1AF1}.Debug|Any CPU.ActiveCfg = Debug|Any CPU
		{58DBD67F-050A-4B71-9BB8-B18FA28A1AF1}.Debug|Any CPU.Build.0 = Debug|Any CPU
		{58DBD67F-050A-4B71-9BB8-B18FA28A1AF1}.Release|Any CPU.ActiveCfg = Release|Any CPU
		{58DBD67F-050A-4B71-9BB8-B18FA28A1AF1}.Release|Any CPU.Build.0 = Release|Any CPU
		{8F44C1C2-E6D3-4075-B458-47C138D10E92}.Debug|Any CPU.ActiveCfg = Debug|Any CPU
		{8F44C1C2-E6D3-4075-B458-47C138D10E92}.Debug|Any CPU.Build.0 = Debug|Any CPU
		{8F44C1C2-E6D3-4075-B458-47C138D10E92}.Release|Any CPU.ActiveCfg = Release|Any CPU
		{8F44C1C2-E6D3-4075-B458-47C138D10E92}.Release|Any CPU.Build.0 = Release|Any CPU
		{A65A7AA5-67DA-4B7C-B53F-121EB199618B}.Debug|Any CPU.ActiveCfg = Debug|Any CPU
		{A65A7AA5-67DA-4B7C-B53F-121EB199618B}.Debug|Any CPU.Build.0 = Debug|Any CPU
		{A65A7AA5-67DA-4B7C-B53F-121EB199618B}.Release|Any CPU.ActiveCfg = Release|Any CPU
		{A65A7AA5-67DA-4B7C-B53F-121EB199618B}.Release|Any CPU.Build.0 = Release|Any CPU
		{9E30B24D-10A0-4594-9651-4F488E56628A}.Debug|Any CPU.ActiveCfg = Debug|Any CPU
		{9E30B24D-10A0-4594-9651-4F488E56628A}.Debug|Any CPU.Build.0 = Debug|Any CPU
		{9E30B24D-10A0-4594-9651-4F488E56628A}.Release|Any CPU.ActiveCfg = Release|Any CPU
		{9E30B24D-10A0-4594-9651-4F488E56628A}.Release|Any CPU.Build.0 = Release|Any CPU
		{26B88A50-AE6A-481E-8597-DAF12A3F0BB5}.Debug|Any CPU.ActiveCfg = Debug|Any CPU
		{26B88A50-AE6A-481E-8597-DAF12A3F0BB5}.Debug|Any CPU.Build.0 = Debug|Any CPU
		{26B88A50-AE6A-481E-8597-DAF12A3F0BB5}.Release|Any CPU.ActiveCfg = Release|Any CPU
		{26B88A50-AE6A-481E-8597-DAF12A3F0BB5}.Release|Any CPU.Build.0 = Release|Any CPU
		{0FCFF2A5-789D-4A42-9C52-8FD1791C3AE4}.Debug|Any CPU.ActiveCfg = Debug|Any CPU
		{0FCFF2A5-789D-4A42-9C52-8FD1791C3AE4}.Debug|Any CPU.Build.0 = Debug|Any CPU
		{0FCFF2A5-789D-4A42-9C52-8FD1791C3AE4}.Release|Any CPU.ActiveCfg = Release|Any CPU
		{0FCFF2A5-789D-4A42-9C52-8FD1791C3AE4}.Release|Any CPU.Build.0 = Release|Any CPU
		{2DD2367C-AAE4-4E46-B20C-FE5BA554585C}.Debug|Any CPU.ActiveCfg = Debug|Any CPU
		{2DD2367C-AAE4-4E46-B20C-FE5BA554585C}.Debug|Any CPU.Build.0 = Debug|Any CPU
		{2DD2367C-AAE4-4E46-B20C-FE5BA554585C}.Release|Any CPU.ActiveCfg = Release|Any CPU
		{2DD2367C-AAE4-4E46-B20C-FE5BA554585C}.Release|Any CPU.Build.0 = Release|Any CPU
	EndGlobalSection
	GlobalSection(SolutionProperties) = preSolution
		HideSolutionNode = FALSE
	EndGlobalSection
	GlobalSection(ExtensibilityGlobals) = postSolution
		SolutionGuid = {0AE0CAA8-5DEB-4D30-8F57-FA98756EF8DA}
	EndGlobalSection
EndGlobal
