
Microsoft Visual Studio Solution File, Format Version 12.00
# Visual Studio 15
VisualStudioVersion = 15.0.27130.2026
MinimumVisualStudioVersion = 10.0.40219.1
Project("{9A19103F-16F7-4668-BE54-9A1E7A4F7556}") = "ServiceScope", "ServiceScope\ServiceScope.csproj", "{E9865243-EF0D-4F3C-A4E2-68F6475BFC40}"
EndProject
Project("{9A19103F-16F7-4668-BE54-9A1E7A4F7556}") = "MVCFilterApplication", "MVCFilterApplication\MVCFilterApplication.csproj", "{71EFFAF4-C61E-4167-9F42-5FBACA44B6C9}"
EndProject
Project("{9A19103F-16F7-4668-BE54-9A1E7A4F7556}") = "CookieAuthentication", "CookieAuthentication\CookieAuthentication.csproj", "{C9097BD1-344C-4389-A901-4A7FB35B1612}"
EndProject
Project("{9A19103F-16F7-4668-BE54-9A1E7A4F7556}") = "Basic", "Basic\Basic.csproj", "{8F44C1C2-E6D3-4075-B458-47C138D10E92}"
EndProject
Project("{9A19103F-16F7-4668-BE54-9A1E7A4F7556}") = "WebSocket", "WebSocket\WebSocket.csproj", "{2DD2367C-AAE4-4E46-B20C-FE5BA554585C}"
EndProject
Global
	GlobalSection(SolutionConfigurationPlatforms) = preSolution
		Debug|Any CPU = Debug|Any CPU
		Release|Any CPU = Release|Any CPU
	EndGlobalSection
	GlobalSection(ProjectConfigurationPlatforms) = postSolution
		{E9865243-EF0D-4F3C-A4E2-68F6475BFC40}.Debug|Any CPU.ActiveCfg = Debug|Any CPU
		{E9865243-EF0D-4F3C-A4E2-68F6475BFC40}.Debug|Any CPU.Build.0 = Debug|Any CPU
		{E9865243-EF0D-4F3C-A4E2-68F6475BFC40}.Release|Any CPU.ActiveCfg = Release|Any CPU
		{E9865243-EF0D-4F3C-A4E2-68F6475BFC40}.Release|Any CPU.Build.0 = Release|Any CPU
		{71EFFAF4-C61E-4167-9F42-5FBACA44B6C9}.Debug|Any CPU.ActiveCfg = Debug|Any CPU
		{71EFFAF4-C61E-4167-9F42-5FBACA44B6C9}.Debug|Any CPU.Build.0 = Debug|Any CPU
		{71EFFAF4-C61E-4167-9F42-5FBACA44B6C9}.Release|Any CPU.ActiveCfg = Release|Any CPU
		{71EFFAF4-C61E-4167-9F42-5FBACA44B6C9}.Release|Any CPU.Build.0 = Release|Any CPU
		{C9097BD1-344C-4389-A901-4A7FB35B1612}.Debug|Any CPU.ActiveCfg = Debug|Any CPU
		{C9097BD1-344C-4389-A901-4A7FB35B1612}.Debug|Any CPU.Build.0 = Debug|Any CPU
		{C9097BD1-344C-4389-A901-4A7FB35B1612}.Release|Any CPU.ActiveCfg = Release|Any CPU
		{C9097BD1-344C-4389-A901-4A7FB35B1612}.Release|Any CPU.Build.0 = Release|Any CPU
		{8F44C1C2-E6D3-4075-B458-47C138D10E92}.Debug|Any CPU.ActiveCfg = Debug|Any CPU
		{8F44C1C2-E6D3-4075-B458-47C138D10E92}.Debug|Any CPU.Build.0 = Debug|Any CPU
		{8F44C1C2-E6D3-4075-B458-47C138D10E92}.Release|Any CPU.ActiveCfg = Release|Any CPU
		{8F44C1C2-E6D3-4075-B458-47C138D10E92}.Release|Any CPU.Build.0 = Release|Any CPU
		{2DD2367C-AAE4-4E46-B20C-FE5BA554585C}.Debug|Any CPU.ActiveCfg = Debug|Any CPU
		{2DD2367C-AAE4-4E46-B20C-FE5BA554585C}.Debug|Any CPU.Build.0 = Debug|Any CPU
		{2DD2367C-AAE4-4E46-B20C-FE5BA554585C}.Release|Any CPU.ActiveCfg = Release|Any CPU
		{2DD2367C-AAE4-4E46-B20C-FE5BA554585C}.Release|Any CPU.Build.0 = Release|Any CPU
	EndGlobalSection
	GlobalSection(SolutionProperties) = preSolution
		HideSolutionNode = FALSE
	EndGlobalSection
	GlobalSection(ExtensibilityGlobals) = postSolution
		SolutionGuid = {0AE0CAA8-5DEB-4D30-8F57-FA98756EF8DA}
	EndGlobalSection
EndGlobal
